
Microsoft Visual Studio Solution File, Format Version 12.00
# Visual Studio Version 17
VisualStudioVersion = 17.9.34728.123
MinimumVisualStudioVersion = 10.0.40219.1
Project("{FAE04EC0-301F-11D3-BF4B-00C04F79EFBC}") = "ProyectoFinal", "ProyectoFinal.csproj", "{685B287E-9843-4FE3-962D-01169265EDBA}"
EndProject
Global
	GlobalSection(SolutionConfigurationPlatforms) = preSolution
		Debug|Any CPU = Debug|Any CPU
		Release|Any CPU = Release|Any CPU
	EndGlobalSection
	GlobalSection(ProjectConfigurationPlatforms) = postSolution
		{685B287E-9843-4FE3-962D-01169265EDBA}.Debug|Any CPU.ActiveCfg = Debug|Any CPU
		{685B287E-9843-4FE3-962D-01169265EDBA}.Debug|Any CPU.Build.0 = Debug|Any CPU
		{685B287E-9843-4FE3-962D-01169265EDBA}.Release|Any CPU.ActiveCfg = Release|Any CPU
		{685B287E-9843-4FE3-962D-01169265EDBA}.Release|Any CPU.Build.0 = Release|Any CPU
	EndGlobalSection
	GlobalSection(SolutionProperties) = preSolution
		HideSolutionNode = FALSE
	EndGlobalSection
	GlobalSection(ExtensibilityGlobals) = postSolution
		SolutionGuid = {87DC2665-3DEA-4B4E-AE0E-8D7E8F3660F4}
	EndGlobalSection
EndGlobal
